
Microsoft Visual Studio Solution File, Format Version 12.00
# Visual Studio Version 16
VisualStudioVersion = 16.0.30907.101
MinimumVisualStudioVersion = 10.0.40219.1
Project("{FAE04EC0-301F-11D3-BF4B-00C04F79EFBC}") = "NugetDownloaderApp", "NugetDownloaderApp\NugetDownloaderApp.csproj", "{156B0FB8-5D0D-4A24-810D-6AD2927DB97A}"
EndProject
Global
	GlobalSection(SolutionConfigurationPlatforms) = preSolution
		Debug|Any CPU = Debug|Any CPU
		Release|Any CPU = Release|Any CPU
	EndGlobalSection
	GlobalSection(ProjectConfigurationPlatforms) = postSolution
		{156B0FB8-5D0D-4A24-810D-6AD2927DB97A}.Debug|Any CPU.ActiveCfg = Debug|Any CPU
		{156B0FB8-5D0D-4A24-810D-6AD2927DB97A}.Debug|Any CPU.Build.0 = Debug|Any CPU
		{156B0FB8-5D0D-4A24-810D-6AD2927DB97A}.Release|Any CPU.ActiveCfg = Release|Any CPU
		{156B0FB8-5D0D-4A24-810D-6AD2927DB97A}.Release|Any CPU.Build.0 = Release|Any CPU
	EndGlobalSection
	GlobalSection(SolutionProperties) = preSolution
		HideSolutionNode = FALSE
	EndGlobalSection
	GlobalSection(ExtensibilityGlobals) = postSolution
		SolutionGuid = {A092D3D0-B266-4BCC-9C1F-D1F0F08D790F}
	EndGlobalSection
EndGlobal
